
Microsoft Visual Studio Solution File, Format Version 12.00
# Visual Studio Version 18
VisualStudioVersion = 18.5.11605.296
MinimumVisualStudioVersion = 10.0.40219.1
Project("{9A19103F-16F7-4668-BE54-9A1E7A4F7556}") = "IconPackager", "IconPackager\IconPackager.csproj", "{0FEF65CE-7BF4-4C88-831F-6F7FACCEBD75}"
EndProject
Project("{FAE04EC0-301F-11D3-BF4B-00C04F79EFBC}") = "IcoNet", "IcoNet\IcoNet.csproj", "{49D09A5E-AD94-443E-B4A3-CD6474B23F0B}"
EndProject
Project("{2150E333-8FDC-42A3-9474-1A3956D46DE8}") = "Solution Items", "Solution Items", "{9D95E7BA-4A2A-423A-943A-B7CCB4600ED2}"
	ProjectSection(SolutionItems) = preProject
		.editorconfig = .editorconfig
		Directory.Build.props = Directory.Build.props
		eel.svg = eel.svg
		README.md = README.md
	EndProjectSection
EndProject
Project("{FAE04EC0-301F-11D3-BF4B-00C04F79EFBC}") = "IconPackager.Tests", "IconPackager.Tests\IconPackager.Tests.csproj", "{4F07E439-9E5B-4925-B195-AF78307CE4B9}"
EndProject
Global
	GlobalSection(SolutionConfigurationPlatforms) = preSolution
		Debug|Any CPU = Debug|Any CPU
		Debug|x64 = Debug|x64
		Debug|x86 = Debug|x86
		Release|Any CPU = Release|Any CPU
		Release|x64 = Release|x64
		Release|x86 = Release|x86
	EndGlobalSection
	GlobalSection(ProjectConfigurationPlatforms) = postSolution
		{0FEF65CE-7BF4-4C88-831F-6F7FACCEBD75}.Debug|Any CPU.ActiveCfg = Debug|Any CPU
		{0FEF65CE-7BF4-4C88-831F-6F7FACCEBD75}.Debug|Any CPU.Build.0 = Debug|Any CPU
		{0FEF65CE-7BF4-4C88-831F-6F7FACCEBD75}.Debug|x64.ActiveCfg = Debug|Any CPU
		{0FEF65CE-7BF4-4C88-831F-6F7FACCEBD75}.Debug|x64.Build.0 = Debug|Any CPU
		{0FEF65CE-7BF4-4C88-831F-6F7FACCEBD75}.Debug|x86.ActiveCfg = Debug|Any CPU
		{0FEF65CE-7BF4-4C88-831F-6F7FACCEBD75}.Debug|x86.Build.0 = Debug|Any CPU
		{0FEF65CE-7BF4-4C88-831F-6F7FACCEBD75}.Release|Any CPU.ActiveCfg = Release|Any CPU
		{0FEF65CE-7BF4-4C88-831F-6F7FACCEBD75}.Release|Any CPU.Build.0 = Release|Any CPU
		{0FEF65CE-7BF4-4C88-831F-6F7FACCEBD75}.Release|x64.ActiveCfg = Release|Any CPU
		{0FEF65CE-7BF4-4C88-831F-6F7FACCEBD75}.Release|x64.Build.0 = Release|Any CPU
		{0FEF65CE-7BF4-4C88-831F-6F7FACCEBD75}.Release|x86.ActiveCfg = Release|Any CPU
		{0FEF65CE-7BF4-4C88-831F-6F7FACCEBD75}.Release|x86.Build.0 = Release|Any CPU
		{49D09A5E-AD94-443E-B4A3-CD6474B23F0B}.Debug|Any CPU.ActiveCfg = Debug|Any CPU
		{49D09A5E-AD94-443E-B4A3-CD6474B23F0B}.Debug|Any CPU.Build.0 = Debug|Any CPU
		{49D09A5E-AD94-443E-B4A3-CD6474B23F0B}.Debug|x64.ActiveCfg = Debug|Any CPU
		{49D09A5E-AD94-443E-B4A3-CD6474B23F0B}.Debug|x64.Build.0 = Debug|Any CPU
		{49D09A5E-AD94-443E-B4A3-CD6474B23F0B}.Debug|x86.ActiveCfg = Debug|Any CPU
		{49D09A5E-AD94-443E-B4A3-CD6474B23F0B}.Debug|x86.Build.0 = Debug|Any CPU
		{49D09A5E-AD94-443E-B4A3-CD6474B23F0B}.Release|Any CPU.ActiveCfg = Release|Any CPU
		{49D09A5E-AD94-443E-B4A3-CD6474B23F0B}.Release|Any CPU.Build.0 = Release|Any CPU
		{49D09A5E-AD94-443E-B4A3-CD6474B23F0B}.Release|x64.ActiveCfg = Release|Any CPU
		{49D09A5E-AD94-443E-B4A3-CD6474B23F0B}.Release|x64.Build.0 = Release|Any CPU
		{49D09A5E-AD94-443E-B4A3-CD6474B23F0B}.Release|x86.ActiveCfg = Release|Any CPU
		{49D09A5E-AD94-443E-B4A3-CD6474B23F0B}.Release|x86.Build.0 = Release|Any CPU
		{4F07E439-9E5B-4925-B195-AF78307CE4B9}.Debug|Any CPU.ActiveCfg = Debug|Any CPU
		{4F07E439-9E5B-4925-B195-AF78307CE4B9}.Debug|Any CPU.Build.0 = Debug|Any CPU
		{4F07E439-9E5B-4925-B195-AF78307CE4B9}.Debug|x64.ActiveCfg = Debug|Any CPU
		{4F07E439-9E5B-4925-B195-AF78307CE4B9}.Debug|x64.Build.0 = Debug|Any CPU
		{4F07E439-9E5B-4925-B195-AF78307CE4B9}.Debug|x86.ActiveCfg = Debug|Any CPU
		{4F07E439-9E5B-4925-B195-AF78307CE4B9}.Debug|x86.Build.0 = Debug|Any CPU
		{4F07E439-9E5B-4925-B195-AF78307CE4B9}.Release|Any CPU.ActiveCfg = Release|Any CPU
		{4F07E439-9E5B-4925-B195-AF78307CE4B9}.Release|Any CPU.Build.0 = Release|Any CPU
		{4F07E439-9E5B-4925-B195-AF78307CE4B9}.Release|x64.ActiveCfg = Release|Any CPU
		{4F07E439-9E5B-4925-B195-AF78307CE4B9}.Release|x64.Build.0 = Release|Any CPU
		{4F07E439-9E5B-4925-B195-AF78307CE4B9}.Release|x86.ActiveCfg = Release|Any CPU
		{4F07E439-9E5B-4925-B195-AF78307CE4B9}.Release|x86.Build.0 = Release|Any CPU
	EndGlobalSection
	GlobalSection(SolutionProperties) = preSolution
		HideSolutionNode = FALSE
	EndGlobalSection
	GlobalSection(ExtensibilityGlobals) = postSolution
		SolutionGuid = {64402737-F5F5-4514-995F-E09FAF2D8C14}
	EndGlobalSection
EndGlobal
